
Microsoft Visual Studio Solution File, Format Version 12.00
# Visual Studio Version 16
VisualStudioVersion = 16.0.30406.217
MinimumVisualStudioVersion = 15.0.26124.0
Project("{9A19103F-16F7-4668-BE54-9A1E7A4F7556}") = "EmployeeCompanyAPI", "EmployeeCompanyAPI\EmployeeCompanyAPI.csproj", "{8426C904-16CC-4BE0-9C18-4FAA48D1C51B}"
EndProject
Project("{9A19103F-16F7-4668-BE54-9A1E7A4F7556}") = "Contracts", "Contracts\Contracts.csproj", "{4D3941E5-EC8A-4544-AFB0-8043BCC0EF5B}"
EndProject
Project("{9A19103F-16F7-4668-BE54-9A1E7A4F7556}") = "Common", "Common\Common.csproj", "{0F94B458-9692-4F9A-9DA4-3E51831442E8}"
EndProject
Project("{9A19103F-16F7-4668-BE54-9A1E7A4F7556}") = "LoggerService", "LoggerService\LoggerService.csproj", "{A2769D1B-02AC-4216-A26A-39B1424D93B8}"
EndProject
Project("{9A19103F-16F7-4668-BE54-9A1E7A4F7556}") = "Entities", "Entities\Entities.csproj", "{9A45D3D7-DF2E-4642-A9A7-11C40F811453}"
EndProject
Project("{2150E333-8FDC-42A3-9474-1A3956D46DE8}") = "MVC Demos", "MVC Demos", "{EE15D14B-40AB-49AE-B5F2-6EB4A5480224}"
	ProjectSection(SolutionItems) = preProject
		Readme.txt = Readme.txt
	EndProjectSection
EndProject
Project("{9A19103F-16F7-4668-BE54-9A1E7A4F7556}") = "BlogSite", "BlogSite\BlogSite.csproj", "{C81F3034-D894-4C36-9B33-75FA46EE97FA}"
EndProject
Project("{9A19103F-16F7-4668-BE54-9A1E7A4F7556}") = "SimpleForDemo", "SimpleForDemo\SimpleForDemo.csproj", "{2A9B6FD9-618E-4D09-A2C4-79038EADA3DC}"
EndProject
Global
	GlobalSection(SolutionConfigurationPlatforms) = preSolution
		Debug|Any CPU = Debug|Any CPU
		Debug|x64 = Debug|x64
		Debug|x86 = Debug|x86
		Release|Any CPU = Release|Any CPU
		Release|x64 = Release|x64
		Release|x86 = Release|x86
	EndGlobalSection
	GlobalSection(ProjectConfigurationPlatforms) = postSolution
		{8426C904-16CC-4BE0-9C18-4FAA48D1C51B}.Debug|Any CPU.ActiveCfg = Debug|Any CPU
		{8426C904-16CC-4BE0-9C18-4FAA48D1C51B}.Debug|Any CPU.Build.0 = Debug|Any CPU
		{8426C904-16CC-4BE0-9C18-4FAA48D1C51B}.Debug|x64.ActiveCfg = Debug|Any CPU
		{8426C904-16CC-4BE0-9C18-4FAA48D1C51B}.Debug|x64.Build.0 = Debug|Any CPU
		{8426C904-16CC-4BE0-9C18-4FAA48D1C51B}.Debug|x86.ActiveCfg = Debug|Any CPU
		{8426C904-16CC-4BE0-9C18-4FAA48D1C51B}.Debug|x86.Build.0 = Debug|Any CPU
		{8426C904-16CC-4BE0-9C18-4FAA48D1C51B}.Release|Any CPU.ActiveCfg = Release|Any CPU
		{8426C904-16CC-4BE0-9C18-4FAA48D1C51B}.Release|Any CPU.Build.0 = Release|Any CPU
		{8426C904-16CC-4BE0-9C18-4FAA48D1C51B}.Release|x64.ActiveCfg = Release|Any CPU
		{8426C904-16CC-4BE0-9C18-4FAA48D1C51B}.Release|x64.Build.0 = Release|Any CPU
		{8426C904-16CC-4BE0-9C18-4FAA48D1C51B}.Release|x86.ActiveCfg = Release|Any CPU
		{8426C904-16CC-4BE0-9C18-4FAA48D1C51B}.Release|x86.Build.0 = Release|Any CPU
		{4D3941E5-EC8A-4544-AFB0-8043BCC0EF5B}.Debug|Any CPU.ActiveCfg = Debug|Any CPU
		{4D3941E5-EC8A-4544-AFB0-8043BCC0EF5B}.Debug|Any CPU.Build.0 = Debug|Any CPU
		{4D3941E5-EC8A-4544-AFB0-8043BCC0EF5B}.Debug|x64.ActiveCfg = Debug|Any CPU
		{4D3941E5-EC8A-4544-AFB0-8043BCC0EF5B}.Debug|x64.Build.0 = Debug|Any CPU
		{4D3941E5-EC8A-4544-AFB0-8043BCC0EF5B}.Debug|x86.ActiveCfg = Debug|Any CPU
		{4D3941E5-EC8A-4544-AFB0-8043BCC0EF5B}.Debug|x86.Build.0 = Debug|Any CPU
		{4D3941E5-EC8A-4544-AFB0-8043BCC0EF5B}.Release|Any CPU.ActiveCfg = Release|Any CPU
		{4D3941E5-EC8A-4544-AFB0-8043BCC0EF5B}.Release|Any CPU.Build.0 = Release|Any CPU
		{4D3941E5-EC8A-4544-AFB0-8043BCC0EF5B}.Release|x64.ActiveCfg = Release|Any CPU
		{4D3941E5-EC8A-4544-AFB0-8043BCC0EF5B}.Release|x64.Build.0 = Release|Any CPU
		{4D3941E5-EC8A-4544-AFB0-8043BCC0EF5B}.Release|x86.ActiveCfg = Release|Any CPU
		{4D3941E5-EC8A-4544-AFB0-8043BCC0EF5B}.Release|x86.Build.0 = Release|Any CPU
		{0F94B458-9692-4F9A-9DA4-3E51831442E8}.Debug|Any CPU.ActiveCfg = Debug|Any CPU
		{0F94B458-9692-4F9A-9DA4-3E51831442E8}.Debug|Any CPU.Build.0 = Debug|Any CPU
		{0F94B458-9692-4F9A-9DA4-3E51831442E8}.Debug|x64.ActiveCfg = Debug|Any CPU
		{0F94B458-9692-4F9A-9DA4-3E51831442E8}.Debug|x64.Build.0 = Debug|Any CPU
		{0F94B458-9692-4F9A-9DA4-3E51831442E8}.Debug|x86.ActiveCfg = Debug|Any CPU
		{0F94B458-9692-4F9A-9DA4-3E51831442E8}.Debug|x86.Build.0 = Debug|Any CPU
		{0F94B458-9692-4F9A-9DA4-3E51831442E8}.Release|Any CPU.ActiveCfg = Release|Any CPU
		{0F94B458-9692-4F9A-9DA4-3E51831442E8}.Release|Any CPU.Build.0 = Release|Any CPU
		{0F94B458-9692-4F9A-9DA4-3E51831442E8}.Release|x64.ActiveCfg = Release|Any CPU
		{0F94B458-9692-4F9A-9DA4-3E51831442E8}.Release|x64.Build.0 = Release|Any CPU
		{0F94B458-9692-4F9A-9DA4-3E51831442E8}.Release|x86.ActiveCfg = Release|Any CPU
		{0F94B458-9692-4F9A-9DA4-3E51831442E8}.Release|x86.Build.0 = Release|Any CPU
		{A2769D1B-02AC-4216-A26A-39B1424D93B8}.Debug|Any CPU.ActiveCfg = Debug|Any CPU
		{A2769D1B-02AC-4216-A26A-39B1424D93B8}.Debug|Any CPU.Build.0 = Debug|Any CPU
		{A2769D1B-02AC-4216-A26A-39B1424D93B8}.Debug|x64.ActiveCfg = Debug|Any CPU
		{A2769D1B-02AC-4216-A26A-39B1424D93B8}.Debug|x64.Build.0 = Debug|Any CPU
		{A2769D1B-02AC-4216-A26A-39B1424D93B8}.Debug|x86.ActiveCfg = Debug|Any CPU
		{A2769D1B-02AC-4216-A26A-39B1424D93B8}.Debug|x86.Build.0 = Debug|Any CPU
		{A2769D1B-02AC-4216-A26A-39B1424D93B8}.Release|Any CPU.ActiveCfg = Release|Any CPU
		{A2769D1B-02AC-4216-A26A-39B1424D93B8}.Release|Any CPU.Build.0 = Release|Any CPU
		{A2769D1B-02AC-4216-A26A-39B1424D93B8}.Release|x64.ActiveCfg = Release|Any CPU
		{A2769D1B-02AC-4216-A26A-39B1424D93B8}.Release|x64.Build.0 = Release|Any CPU
		{A2769D1B-02AC-4216-A26A-39B1424D93B8}.Release|x86.ActiveCfg = Release|Any CPU
		{A2769D1B-02AC-4216-A26A-39B1424D93B8}.Release|x86.Build.0 = Release|Any CPU
		{9A45D3D7-DF2E-4642-A9A7-11C40F811453}.Debug|Any CPU.ActiveCfg = Debug|Any CPU
		{9A45D3D7-DF2E-4642-A9A7-11C40F811453}.Debug|Any CPU.Build.0 = Debug|Any CPU
		{9A45D3D7-DF2E-4642-A9A7-11C40F811453}.Debug|x64.ActiveCfg = Debug|Any CPU
		{9A45D3D7-DF2E-4642-A9A7-11C40F811453}.Debug|x64.Build.0 = Debug|Any CPU
		{9A45D3D7-DF2E-4642-A9A7-11C40F811453}.Debug|x86.ActiveCfg = Debug|Any CPU
		{9A45D3D7-DF2E-4642-A9A7-11C40F811453}.Debug|x86.Build.0 = Debug|Any CPU
		{9A45D3D7-DF2E-4642-A9A7-11C40F811453}.Release|Any CPU.ActiveCfg = Release|Any CPU
		{9A45D3D7-DF2E-4642-A9A7-11C40F811453}.Release|Any CPU.Build.0 = Release|Any CPU
		{9A45D3D7-DF2E-4642-A9A7-11C40F811453}.Release|x64.ActiveCfg = Release|Any CPU
		{9A45D3D7-DF2E-4642-A9A7-11C40F811453}.Release|x64.Build.0 = Release|Any CPU
		{9A45D3D7-DF2E-4642-A9A7-11C40F811453}.Release|x86.ActiveCfg = Release|Any CPU
		{9A45D3D7-DF2E-4642-A9A7-11C40F811453}.Release|x86.Build.0 = Release|Any CPU
		{C81F3034-D894-4C36-9B33-75FA46EE97FA}.Debug|Any CPU.ActiveCfg = Debug|Any CPU
		{C81F3034-D894-4C36-9B33-75FA46EE97FA}.Debug|Any CPU.Build.0 = Debug|Any CPU
		{C81F3034-D894-4C36-9B33-75FA46EE97FA}.Debug|x64.ActiveCfg = Debug|Any CPU
		{C81F3034-D894-4C36-9B33-75FA46EE97FA}.Debug|x64.Build.0 = Debug|Any CPU
		{C81F3034-D894-4C36-9B33-75FA46EE97FA}.Debug|x86.ActiveCfg = Debug|Any CPU
		{C81F3034-D894-4C36-9B33-75FA46EE97FA}.Debug|x86.Build.0 = Debug|Any CPU
		{C81F3034-D894-4C36-9B33-75FA46EE97FA}.Release|Any CPU.ActiveCfg = Release|Any CPU
		{C81F3034-D894-4C36-9B33-75FA46EE97FA}.Release|Any CPU.Build.0 = Release|Any CPU
		{C81F3034-D894-4C36-9B33-75FA46EE97FA}.Release|x64.ActiveCfg = Release|Any CPU
		{C81F3034-D894-4C36-9B33-75FA46EE97FA}.Release|x64.Build.0 = Release|Any CPU
		{C81F3034-D894-4C36-9B33-75FA46EE97FA}.Release|x86.ActiveCfg = Release|Any CPU
		{C81F3034-D894-4C36-9B33-75FA46EE97FA}.Release|x86.Build.0 = Release|Any CPU
		{2A9B6FD9-618E-4D09-A2C4-79038EADA3DC}.Debug|Any CPU.ActiveCfg = Debug|Any CPU
		{2A9B6FD9-618E-4D09-A2C4-79038EADA3DC}.Debug|Any CPU.Build.0 = Debug|Any CPU
		{2A9B6FD9-618E-4D09-A2C4-79038EADA3DC}.Debug|x64.ActiveCfg = Debug|Any CPU
		{2A9B6FD9-618E-4D09-A2C4-79038EADA3DC}.Debug|x64.Build.0 = Debug|Any CPU
		{2A9B6FD9-618E-4D09-A2C4-79038EADA3DC}.Debug|x86.ActiveCfg = Debug|Any CPU
		{2A9B6FD9-618E-4D09-A2C4-79038EADA3DC}.Debug|x86.Build.0 = Debug|Any CPU
		{2A9B6FD9-618E-4D09-A2C4-79038EADA3DC}.Release|Any CPU.ActiveCfg = Release|Any CPU
		{2A9B6FD9-618E-4D09-A2C4-79038EADA3DC}.Release|Any CPU.Build.0 = Release|Any CPU
		{2A9B6FD9-618E-4D09-A2C4-79038EADA3DC}.Release|x64.ActiveCfg = Release|Any CPU
		{2A9B6FD9-618E-4D09-A2C4-79038EADA3DC}.Release|x64.Build.0 = Release|Any CPU
		{2A9B6FD9-618E-4D09-A2C4-79038EADA3DC}.Release|x86.ActiveCfg = Release|Any CPU
		{2A9B6FD9-618E-4D09-A2C4-79038EADA3DC}.Release|x86.Build.0 = Release|Any CPU
	EndGlobalSection
	GlobalSection(SolutionProperties) = preSolution
		HideSolutionNode = FALSE
	EndGlobalSection
	GlobalSection(NestedProjects) = preSolution
		{C81F3034-D894-4C36-9B33-75FA46EE97FA} = {EE15D14B-40AB-49AE-B5F2-6EB4A5480224}
		{2A9B6FD9-618E-4D09-A2C4-79038EADA3DC} = {EE15D14B-40AB-49AE-B5F2-6EB4A5480224}
	EndGlobalSection
	GlobalSection(ExtensibilityGlobals) = postSolution
		SolutionGuid = {606A76D0-65D6-4E55-A6CA-F96AAB9640E5}
	EndGlobalSection
EndGlobal
